
Microsoft Visual Studio Solution File, Format Version 12.00
# Visual Studio 15
VisualStudioVersion = 15.0.28010.2036
MinimumVisualStudioVersion = 10.0.40219.1
Project("{FAE04EC0-301F-11D3-BF4B-00C04F79EFBC}") = "SERIAL", "ConsoleApp9\SERIAL.csproj", "{CA9FD96C-0665-46AC-9905-0295F1A96625}"
EndProject
Global
	GlobalSection(SolutionConfigurationPlatforms) = preSolution
		Debug|Any CPU = Debug|Any CPU
		Release|Any CPU = Release|Any CPU
	EndGlobalSection
	GlobalSection(ProjectConfigurationPlatforms) = postSolution
		{CA9FD96C-0665-46AC-9905-0295F1A96625}.Debug|Any CPU.ActiveCfg = Debug|Any CPU
		{CA9FD96C-0665-46AC-9905-0295F1A96625}.Debug|Any CPU.Build.0 = Debug|Any CPU
		{CA9FD96C-0665-46AC-9905-0295F1A96625}.Release|Any CPU.ActiveCfg = Release|Any CPU
		{CA9FD96C-0665-46AC-9905-0295F1A96625}.Release|Any CPU.Build.0 = Release|Any CPU
	EndGlobalSection
	GlobalSection(SolutionProperties) = preSolution
		HideSolutionNode = FALSE
	EndGlobalSection
	GlobalSection(ExtensibilityGlobals) = postSolution
		SolutionGuid = {098A22B6-5308-4176-B5A1-26350FD8E231}
	EndGlobalSection
EndGlobal
