
Microsoft Visual Studio Solution File, Format Version 12.00
# Visual Studio 15
VisualStudioVersion = 15.0.28010.2048
MinimumVisualStudioVersion = 10.0.40219.1
Project("{FAE04EC0-301F-11D3-BF4B-00C04F79EFBC}") = "MARIO RACE", "MARIO RACE\MARIO RACE.csproj", "{DD6B1484-54FD-48AB-8C8B-E06560BDCA76}"
EndProject
Global
	GlobalSection(SolutionConfigurationPlatforms) = preSolution
		Debug|Any CPU = Debug|Any CPU
		Release|Any CPU = Release|Any CPU
	EndGlobalSection
	GlobalSection(ProjectConfigurationPlatforms) = postSolution
		{DD6B1484-54FD-48AB-8C8B-E06560BDCA76}.Debug|Any CPU.ActiveCfg = Debug|Any CPU
		{DD6B1484-54FD-48AB-8C8B-E06560BDCA76}.Debug|Any CPU.Build.0 = Debug|Any CPU
		{DD6B1484-54FD-48AB-8C8B-E06560BDCA76}.Release|Any CPU.ActiveCfg = Release|Any CPU
		{DD6B1484-54FD-48AB-8C8B-E06560BDCA76}.Release|Any CPU.Build.0 = Release|Any CPU
	EndGlobalSection
	GlobalSection(SolutionProperties) = preSolution
		HideSolutionNode = FALSE
	EndGlobalSection
	GlobalSection(ExtensibilityGlobals) = postSolution
		SolutionGuid = {4C36F908-4B71-4D9F-9998-A6E73FB65A6E}
	EndGlobalSection
EndGlobal
