
Microsoft Visual Studio Solution File, Format Version 12.00
# Visual Studio 15
VisualStudioVersion = 15.0.27703.2035
MinimumVisualStudioVersion = 10.0.40219.1
Project("{FAE04EC0-301F-11D3-BF4B-00C04F79EFBC}") = "HW_Exep", "HW_Exep\HW_Exep.csproj", "{A12BBA8D-0CD2-4FBE-9A2B-F2E4A08A4E6B}"
EndProject
Project("{FAE04EC0-301F-11D3-BF4B-00C04F79EFBC}") = "PersonClass", "PersonClass\PersonClass.csproj", "{32EED043-8B5F-47DA-82F3-C90822E16694}"
EndProject
Global
	GlobalSection(SolutionConfigurationPlatforms) = preSolution
		Debug|Any CPU = Debug|Any CPU
		Release|Any CPU = Release|Any CPU
	EndGlobalSection
	GlobalSection(ProjectConfigurationPlatforms) = postSolution
		{A12BBA8D-0CD2-4FBE-9A2B-F2E4A08A4E6B}.Debug|Any CPU.ActiveCfg = Debug|Any CPU
		{A12BBA8D-0CD2-4FBE-9A2B-F2E4A08A4E6B}.Debug|Any CPU.Build.0 = Debug|Any CPU
		{A12BBA8D-0CD2-4FBE-9A2B-F2E4A08A4E6B}.Release|Any CPU.ActiveCfg = Release|Any CPU
		{A12BBA8D-0CD2-4FBE-9A2B-F2E4A08A4E6B}.Release|Any CPU.Build.0 = Release|Any CPU
		{32EED043-8B5F-47DA-82F3-C90822E16694}.Debug|Any CPU.ActiveCfg = Debug|Any CPU
		{32EED043-8B5F-47DA-82F3-C90822E16694}.Debug|Any CPU.Build.0 = Debug|Any CPU
		{32EED043-8B5F-47DA-82F3-C90822E16694}.Release|Any CPU.ActiveCfg = Release|Any CPU
		{32EED043-8B5F-47DA-82F3-C90822E16694}.Release|Any CPU.Build.0 = Release|Any CPU
	EndGlobalSection
	GlobalSection(SolutionProperties) = preSolution
		HideSolutionNode = FALSE
	EndGlobalSection
	GlobalSection(ExtensibilityGlobals) = postSolution
		SolutionGuid = {82105D2F-4580-4980-871B-0BD6CF842870}
	EndGlobalSection
EndGlobal
