
Microsoft Visual Studio Solution File, Format Version 12.00
# Visual Studio 15
VisualStudioVersion = 15.0.27703.2042
MinimumVisualStudioVersion = 10.0.40219.1
Project("{FAE04EC0-301F-11D3-BF4B-00C04F79EFBC}") = "HW", "HW\HW.csproj", "{A25798FF-1566-4D3B-8EC5-ABD593D1798C}"
EndProject
Global
	GlobalSection(SolutionConfigurationPlatforms) = preSolution
		Debug|Any CPU = Debug|Any CPU
		Release|Any CPU = Release|Any CPU
	EndGlobalSection
	GlobalSection(ProjectConfigurationPlatforms) = postSolution
		{A25798FF-1566-4D3B-8EC5-ABD593D1798C}.Debug|Any CPU.ActiveCfg = Debug|Any CPU
		{A25798FF-1566-4D3B-8EC5-ABD593D1798C}.Debug|Any CPU.Build.0 = Debug|Any CPU
		{A25798FF-1566-4D3B-8EC5-ABD593D1798C}.Release|Any CPU.ActiveCfg = Release|Any CPU
		{A25798FF-1566-4D3B-8EC5-ABD593D1798C}.Release|Any CPU.Build.0 = Release|Any CPU
	EndGlobalSection
	GlobalSection(SolutionProperties) = preSolution
		HideSolutionNode = FALSE
	EndGlobalSection
	GlobalSection(ExtensibilityGlobals) = postSolution
		SolutionGuid = {8C66451F-606A-4DCD-BD23-8353DDED0A1A}
	EndGlobalSection
EndGlobal
