
Microsoft Visual Studio Solution File, Format Version 12.00
# Visual Studio 15
VisualStudioVersion = 15.0.27703.2035
MinimumVisualStudioVersion = 10.0.40219.1
Project("{FAE04EC0-301F-11D3-BF4B-00C04F79EFBC}") = "HWModul8", "HWModul8\HWModul8.csproj", "{A97BCAD6-95C9-4D60-8D5B-109462092E84}"
EndProject
Global
	GlobalSection(SolutionConfigurationPlatforms) = preSolution
		Debug|Any CPU = Debug|Any CPU
		Release|Any CPU = Release|Any CPU
	EndGlobalSection
	GlobalSection(ProjectConfigurationPlatforms) = postSolution
		{A97BCAD6-95C9-4D60-8D5B-109462092E84}.Debug|Any CPU.ActiveCfg = Debug|Any CPU
		{A97BCAD6-95C9-4D60-8D5B-109462092E84}.Debug|Any CPU.Build.0 = Debug|Any CPU
		{A97BCAD6-95C9-4D60-8D5B-109462092E84}.Release|Any CPU.ActiveCfg = Release|Any CPU
		{A97BCAD6-95C9-4D60-8D5B-109462092E84}.Release|Any CPU.Build.0 = Release|Any CPU
	EndGlobalSection
	GlobalSection(SolutionProperties) = preSolution
		HideSolutionNode = FALSE
	EndGlobalSection
	GlobalSection(ExtensibilityGlobals) = postSolution
		SolutionGuid = {CF9100DC-7C89-4659-A7A6-75D00950053F}
	EndGlobalSection
EndGlobal
