
Microsoft Visual Studio Solution File, Format Version 12.00
# Visual Studio 15
VisualStudioVersion = 15.0.27703.2035
MinimumVisualStudioVersion = 10.0.40219.1
Project("{FAE04EC0-301F-11D3-BF4B-00C04F79EFBC}") = "HomeWorkModul3", "HomeWorkModul3\HomeWorkModul3.csproj", "{079F6DE6-EAE9-4F00-B301-F88AED1BBD33}"
EndProject
Global
	GlobalSection(SolutionConfigurationPlatforms) = preSolution
		Debug|Any CPU = Debug|Any CPU
		Release|Any CPU = Release|Any CPU
	EndGlobalSection
	GlobalSection(ProjectConfigurationPlatforms) = postSolution
		{079F6DE6-EAE9-4F00-B301-F88AED1BBD33}.Debug|Any CPU.ActiveCfg = Debug|Any CPU
		{079F6DE6-EAE9-4F00-B301-F88AED1BBD33}.Debug|Any CPU.Build.0 = Debug|Any CPU
		{079F6DE6-EAE9-4F00-B301-F88AED1BBD33}.Release|Any CPU.ActiveCfg = Release|Any CPU
		{079F6DE6-EAE9-4F00-B301-F88AED1BBD33}.Release|Any CPU.Build.0 = Release|Any CPU
	EndGlobalSection
	GlobalSection(SolutionProperties) = preSolution
		HideSolutionNode = FALSE
	EndGlobalSection
	GlobalSection(ExtensibilityGlobals) = postSolution
		SolutionGuid = {EDDD19B8-6D8D-4D54-B825-08C0D31A38AC}
	EndGlobalSection
EndGlobal
