
Microsoft Visual Studio Solution File, Format Version 12.00
# Visual Studio 15
VisualStudioVersion = 15.0.27004.2009
MinimumVisualStudioVersion = 10.0.40219.1
Project("{FAE04EC0-301F-11D3-BF4B-00C04F79EFBC}") = "TwoMigration", "TwoMigration\TwoMigration.csproj", "{E089DC99-1D0C-48B8-B02C-9624F2F5AF95}"
EndProject
Global
	GlobalSection(SolutionConfigurationPlatforms) = preSolution
		Debug|Any CPU = Debug|Any CPU
		Release|Any CPU = Release|Any CPU
	EndGlobalSection
	GlobalSection(ProjectConfigurationPlatforms) = postSolution
		{E089DC99-1D0C-48B8-B02C-9624F2F5AF95}.Debug|Any CPU.ActiveCfg = Debug|Any CPU
		{E089DC99-1D0C-48B8-B02C-9624F2F5AF95}.Debug|Any CPU.Build.0 = Debug|Any CPU
		{E089DC99-1D0C-48B8-B02C-9624F2F5AF95}.Release|Any CPU.ActiveCfg = Release|Any CPU
		{E089DC99-1D0C-48B8-B02C-9624F2F5AF95}.Release|Any CPU.Build.0 = Release|Any CPU
	EndGlobalSection
	GlobalSection(SolutionProperties) = preSolution
		HideSolutionNode = FALSE
	EndGlobalSection
	GlobalSection(ExtensibilityGlobals) = postSolution
		SolutionGuid = {B1FFCA9B-3027-4B60-9B08-EA65EEF7E4F3}
	EndGlobalSection
EndGlobal
